{
  "name": "spacesaver-js",
  "version": "0.0.1",
  "dependencies": {
    "hiredis": {
      "version": "0.1.17",
      "from": "hiredis@*",
      "dependencies": {
        "bindings": {
          "version": "1.2.1",
          "from": "bindings@*"
        },
        "nan": {
          "version": "1.1.2",
          "from": "nan@~1.1.0"
        }
      }
    },
    "redis": {
      "version": "0.10.3",
      "from": "redis@*"
    }
  }
}
